<?xml version="1.0" encoding="UTF-8"?>
<Scheme
   LastUpgradeVersion = "0920"
   version = "1.3">
   <BuildAction
      parallelizeBuildables = "YES"
      buildImplicitDependencies = "YES">
      <BuildActionEntries>
         <BuildActionEntry
            buildForTesting = "YES"
            buildForRunning = "YES"
            buildForProfiling = "YES"
            buildForArchiving = "YES"
            buildForAnalyzing = "YES">
            <BuildableReference
               BuildableIdentifier = "primary"
               BlueprintIdentifier = "4ED68757229151100046538A"
               BuildableName = "c74-as"
               BlueprintName = "c74-as"
               ReferencedContainer = "container:CPU74Assembler.xcodeproj">
            </BuildableReference>
         </BuildActionEntry>
      </BuildActionEntries>
   </BuildAction>
   <TestAction
      buildConfiguration = "Debug"
      selectedDebuggerIdentifier = "Xcode.DebuggerFoundation.Debugger.LLDB"
      selectedLauncherIdentifier = "Xcode.DebuggerFoundation.Launcher.LLDB"
      language = ""
      shouldUseLaunchSchemeArgsEnv = "YES">
      <Testables>
      </Testables>
      <MacroExpansion>
         <BuildableReference
            BuildableIdentifier = "primary"
            BlueprintIdentifier = "4ED68757229151100046538A"
            BuildableName = "c74-as"
            BlueprintName = "c74-as"
            ReferencedContainer = "container:Assembler.xcodeproj">
         </BuildableReference>
      </MacroExpansion>
      <AdditionalOptions>
      </AdditionalOptions>
   </TestAction>
   <LaunchAction
      buildConfiguration = "Debug"
      selectedDebuggerIdentifier = "Xcode.DebuggerFoundation.Debugger.LLDB"
      selectedLauncherIdentifier = "Xcode.DebuggerFoundation.Launcher.LLDB"
      language = ""
      launchStyle = "0"
      useCustomWorkingDirectory = "NO"
      ignoresPersistentStateOnLaunch = "NO"
      debugDocumentVersioning = "YES"
      debugServiceExtension = "internal"
      allowLocationSimulation = "YES">
      <BuildableProductRunnable
         runnableDebuggingMode = "0">
         <BuildableReference
            BuildableIdentifier = "primary"
            BlueprintIdentifier = "4ED68757229151100046538A"
            BuildableName = "c74-as"
            BlueprintName = "c74-as"
            ReferencedContainer = "container:Assembler.xcodeproj">
         </BuildableReference>
      </BuildableProductRunnable>
      <CommandLineArguments>
         <CommandLineArgument
            argument = "-h"
            isEnabled = "NO">
         </CommandLineArgument>
         <CommandLineArgument
            argument = "-l -o /Users/joan/Documents-Local/Relay/RelayNou/system.c74 -s /Users/joan/Documents-Local/Relay/RelayNou/system.s /Users/joan/Documents-Local/Relay/RelayNou/main.s /Users/joan/Documents-Local/Relay/RelayNou/add.s /Users/joan/Documents-Local/Relay/RelayNou/sumes.s /Users/joan/Documents-Local/Relay/RelayNou/extras.s"
            isEnabled = "YES">
         </CommandLineArgument>
         <CommandLineArgument
            argument = "-l -o /Users/joan/Documents-Local/Relay/RelayNou/main.c74 -s  /Users/joan/Documents-Local/Relay/RelayNou/main.s"
            isEnabled = "NO">
         </CommandLineArgument>
         <CommandLineArgument
            argument = "-l -o  -s  /Users/joan/Documents-Local/Relay/RelayNou/main.s"
            isEnabled = "NO">
         </CommandLineArgument>
         <CommandLineArgument
            argument = "-s pepet. dsfkjh.s -o outp"
            isEnabled = "NO">
         </CommandLineArgument>
      </CommandLineArguments>
      <AdditionalOptions>
      </AdditionalOptions>
   </LaunchAction>
   <ProfileAction
      buildConfiguration = "Release"
      shouldUseLaunchSchemeArgsEnv = "YES"
      savedToolIdentifier = ""
      useCustomWorkingDirectory = "NO"
      debugDocumentVersioning = "YES">
      <BuildableProductRunnable
         runnableDebuggingMode = "0">
         <BuildableReference
            BuildableIdentifier = "primary"
            BlueprintIdentifier = "4ED68757229151100046538A"
            BuildableName = "c74-as"
            BlueprintName = "c74-as"
            ReferencedContainer = "container:CPU74Assembler.xcodeproj">
         </BuildableReference>
      </BuildableProductRunnable>
   </ProfileAction>
   <AnalyzeAction
      buildConfiguration = "Debug">
   </AnalyzeAction>
   <ArchiveAction
      buildConfiguration = "Release"
      revealArchiveInOrganizer = "YES">
   </ArchiveAction>
</Scheme>
