// !$*UTF8*$!
{
	archiveVersion = 1;
	classes = {
	};
	objectVersion = 48;
	objects = {

/* Begin PBXBuildFile section */
		4E2D767E2307F3DE003466CD /* main.swift in Sources */ = {isa = PBXBuildFile; fileRef = 4E2D767D2307F3DE003466CD /* main.swift */; };
		4E2D76852307F58C003466CD /* Console.swift in Sources */ = {isa = PBXBuildFile; fileRef = 4E2D76842307F58C003466CD /* Console.swift */; };
		4E2D7689230802A7003466CD /* Machine.swift in Sources */ = {isa = PBXBuildFile; fileRef = 4E2D7688230802A7003466CD /* Machine.swift */; };
		4E3561BD230947DB003E74F4 /* MachineParts.swift in Sources */ = {isa = PBXBuildFile; fileRef = 4E3561BC230947DA003E74F4 /* MachineParts.swift */; };
/* End PBXBuildFile section */

/* Begin PBXCopyFilesBuildPhase section */
		4E2D76782307F3DE003466CD /* CopyFiles */ = {
			isa = PBXCopyFilesBuildPhase;
			buildActionMask = 2147483647;
			dstPath = /usr/share/man/man1/;
			dstSubfolderSpec = 0;
			files = (
			);
			runOnlyForDeploymentPostprocessing = 1;
		};
/* End PBXCopyFilesBuildPhase section */

/* Begin PBXFileReference section */
		4E2D767A2307F3DE003466CD /* c74-sim */ = {isa = PBXFileReference; explicitFileType = "compiled.mach-o.executable"; includeInIndex = 0; path = "c74-sim"; sourceTree = BUILT_PRODUCTS_DIR; };
		4E2D767D2307F3DE003466CD /* main.swift */ = {isa = PBXFileReference; lastKnownFileType = sourcecode.swift; path = main.swift; sourceTree = "<group>"; };
		4E2D76842307F58C003466CD /* Console.swift */ = {isa = PBXFileReference; lastKnownFileType = sourcecode.swift; path = Console.swift; sourceTree = "<group>"; };
		4E2D7688230802A7003466CD /* Machine.swift */ = {isa = PBXFileReference; lastKnownFileType = sourcecode.swift; path = Machine.swift; sourceTree = "<group>"; };
		4E3561BC230947DA003E74F4 /* MachineParts.swift */ = {isa = PBXFileReference; fileEncoding = 4; lastKnownFileType = sourcecode.swift; path = MachineParts.swift; sourceTree = "<group>"; };
		4E638CE4252B097C003DC0CA /* DecoderRomTruthTableV3.txt */ = {isa = PBXFileReference; lastKnownFileType = text; path = DecoderRomTruthTableV3.txt; sourceTree = "<group>"; };
		4E638CE5252B83AA003DC0CA /* DecoderRomTruthTableV4.txt */ = {isa = PBXFileReference; lastKnownFileType = text; path = DecoderRomTruthTableV4.txt; sourceTree = "<group>"; };
		4E638CE7252BB068003DC0CA /* DecoderRomTruthTableV10_1.txt */ = {isa = PBXFileReference; lastKnownFileType = text; path = DecoderRomTruthTableV10_1.txt; sourceTree = "<group>"; };
		4E638CE8252BB0B4003DC0CA /* DecoderRomTruthTableV10_2.txt */ = {isa = PBXFileReference; lastKnownFileType = text; path = DecoderRomTruthTableV10_2.txt; sourceTree = "<group>"; };
		4E638CE9252BB0B4003DC0CA /* DecoderRomTruthTableV10_4.txt */ = {isa = PBXFileReference; lastKnownFileType = text; path = DecoderRomTruthTableV10_4.txt; sourceTree = "<group>"; };
		4E638CEA252BB0B5003DC0CA /* DecoderRomTruthTableV10_3.txt */ = {isa = PBXFileReference; lastKnownFileType = text; path = DecoderRomTruthTableV10_3.txt; sourceTree = "<group>"; };
		4E638CEB252BB0B5003DC0CA /* DecoderRomTruthTableV10_5.txt */ = {isa = PBXFileReference; lastKnownFileType = text; path = DecoderRomTruthTableV10_5.txt; sourceTree = "<group>"; };
		4E9F7FF92529A31400E4364C /* DecoderRomTruthTableV2.txt */ = {isa = PBXFileReference; lastKnownFileType = text; path = DecoderRomTruthTableV2.txt; sourceTree = "<group>"; };
		4EE79C9E2528B7B600639007 /* DecoderRom.txt */ = {isa = PBXFileReference; lastKnownFileType = text; path = DecoderRom.txt; sourceTree = "<group>"; };
		4EE79C9F2528D9A200639007 /* DecoderRomTruthTable.txt */ = {isa = PBXFileReference; lastKnownFileType = text; path = DecoderRomTruthTable.txt; sourceTree = "<group>"; };
		4EE79CA02528F7C800639007 /* LogisimBUG.txt */ = {isa = PBXFileReference; lastKnownFileType = text; path = LogisimBUG.txt; sourceTree = "<group>"; };
/* End PBXFileReference section */

/* Begin PBXFrameworksBuildPhase section */
		4E2D76772307F3DE003466CD /* Frameworks */ = {
			isa = PBXFrameworksBuildPhase;
			buildActionMask = 2147483647;
			files = (
			);
			runOnlyForDeploymentPostprocessing = 0;
		};
/* End PBXFrameworksBuildPhase section */

/* Begin PBXGroup section */
		4E2D76712307F3DE003466CD = {
			isa = PBXGroup;
			children = (
				4EE79C9D2528B75B00639007 /* LogisimSupport */,
				4E2D767C2307F3DE003466CD /* Simulator */,
				4E2D767B2307F3DE003466CD /* Products */,
			);
			sourceTree = "<group>";
		};
		4E2D767B2307F3DE003466CD /* Products */ = {
			isa = PBXGroup;
			children = (
				4E2D767A2307F3DE003466CD /* c74-sim */,
			);
			name = Products;
			sourceTree = "<group>";
		};
		4E2D767C2307F3DE003466CD /* Simulator */ = {
			isa = PBXGroup;
			children = (
				4E2D76842307F58C003466CD /* Console.swift */,
				4E3561BC230947DA003E74F4 /* MachineParts.swift */,
				4E2D7688230802A7003466CD /* Machine.swift */,
				4E2D767D2307F3DE003466CD /* main.swift */,
			);
			path = Simulator;
			sourceTree = "<group>";
		};
		4EE79C9D2528B75B00639007 /* LogisimSupport */ = {
			isa = PBXGroup;
			children = (
				4EE79C9E2528B7B600639007 /* DecoderRom.txt */,
				4EE79C9F2528D9A200639007 /* DecoderRomTruthTable.txt */,
				4E9F7FF92529A31400E4364C /* DecoderRomTruthTableV2.txt */,
				4E638CE4252B097C003DC0CA /* DecoderRomTruthTableV3.txt */,
				4E638CE5252B83AA003DC0CA /* DecoderRomTruthTableV4.txt */,
				4E638CE7252BB068003DC0CA /* DecoderRomTruthTableV10_1.txt */,
				4E638CE8252BB0B4003DC0CA /* DecoderRomTruthTableV10_2.txt */,
				4E638CEA252BB0B5003DC0CA /* DecoderRomTruthTableV10_3.txt */,
				4E638CE9252BB0B4003DC0CA /* DecoderRomTruthTableV10_4.txt */,
				4E638CEB252BB0B5003DC0CA /* DecoderRomTruthTableV10_5.txt */,
				4EE79CA02528F7C800639007 /* LogisimBUG.txt */,
			);
			path = LogisimSupport;
			sourceTree = "<group>";
		};
/* End PBXGroup section */

/* Begin PBXNativeTarget section */
		4E2D76792307F3DE003466CD /* c74-sim */ = {
			isa = PBXNativeTarget;
			buildConfigurationList = 4E2D76812307F3DE003466CD /* Build configuration list for PBXNativeTarget "c74-sim" */;
			buildPhases = (
				4E2D76762307F3DE003466CD /* Sources */,
				4E2D76772307F3DE003466CD /* Frameworks */,
				4E2D76782307F3DE003466CD /* CopyFiles */,
			);
			buildRules = (
			);
			dependencies = (
			);
			name = "c74-sim";
			productName = Simulator;
			productReference = 4E2D767A2307F3DE003466CD /* c74-sim */;
			productType = "com.apple.product-type.tool";
		};
/* End PBXNativeTarget section */

/* Begin PBXProject section */
		4E2D76722307F3DE003466CD /* Project object */ = {
			isa = PBXProject;
			attributes = {
				LastSwiftUpdateCheck = 0920;
				LastUpgradeCheck = 0920;
				ORGANIZATIONNAME = Joan;
				TargetAttributes = {
					4E2D76792307F3DE003466CD = {
						CreatedOnToolsVersion = 9.2;
						ProvisioningStyle = Automatic;
					};
				};
			};
			buildConfigurationList = 4E2D76752307F3DE003466CD /* Build configuration list for PBXProject "Simulator" */;
			compatibilityVersion = "Xcode 8.0";
			developmentRegion = en;
			hasScannedForEncodings = 0;
			knownRegions = (
				en,
			);
			mainGroup = 4E2D76712307F3DE003466CD;
			productRefGroup = 4E2D767B2307F3DE003466CD /* Products */;
			projectDirPath = "";
			projectRoot = "";
			targets = (
				4E2D76792307F3DE003466CD /* c74-sim */,
			);
		};
/* End PBXProject section */

/* Begin PBXSourcesBuildPhase section */
		4E2D76762307F3DE003466CD /* Sources */ = {
			isa = PBXSourcesBuildPhase;
			buildActionMask = 2147483647;
			files = (
				4E2D767E2307F3DE003466CD /* main.swift in Sources */,
				4E2D7689230802A7003466CD /* Machine.swift in Sources */,
				4E2D76852307F58C003466CD /* Console.swift in Sources */,
				4E3561BD230947DB003E74F4 /* MachineParts.swift in Sources */,
			);
			runOnlyForDeploymentPostprocessing = 0;
		};
/* End PBXSourcesBuildPhase section */

/* Begin XCBuildConfiguration section */
		4E2D767F2307F3DE003466CD /* Debug */ = {
			isa = XCBuildConfiguration;
			buildSettings = {
				ALWAYS_SEARCH_USER_PATHS = NO;
				CLANG_ANALYZER_NONNULL = YES;
				CLANG_ANALYZER_NUMBER_OBJECT_CONVERSION = YES_AGGRESSIVE;
				CLANG_CXX_LANGUAGE_STANDARD = "gnu++14";
				CLANG_CXX_LIBRARY = "libc++";
				CLANG_ENABLE_MODULES = YES;
				CLANG_ENABLE_OBJC_ARC = YES;
				CLANG_WARN_BLOCK_CAPTURE_AUTORELEASING = YES;
				CLANG_WARN_BOOL_CONVERSION = YES;
				CLANG_WARN_COMMA = YES;
				CLANG_WARN_CONSTANT_CONVERSION = YES;
				CLANG_WARN_DIRECT_OBJC_ISA_USAGE = YES_ERROR;
				CLANG_WARN_DOCUMENTATION_COMMENTS = YES;
				CLANG_WARN_EMPTY_BODY = YES;
				CLANG_WARN_ENUM_CONVERSION = YES;
				CLANG_WARN_INFINITE_RECURSION = YES;
				CLANG_WARN_INT_CONVERSION = YES;
				CLANG_WARN_NON_LITERAL_NULL_CONVERSION = YES;
				CLANG_WARN_OBJC_LITERAL_CONVERSION = YES;
				CLANG_WARN_OBJC_ROOT_CLASS = YES_ERROR;
				CLANG_WARN_RANGE_LOOP_ANALYSIS = YES;
				CLANG_WARN_STRICT_PROTOTYPES = YES;
				CLANG_WARN_SUSPICIOUS_MOVE = YES;
				CLANG_WARN_UNGUARDED_AVAILABILITY = YES_AGGRESSIVE;
				CLANG_WARN_UNREACHABLE_CODE = YES;
				CLANG_WARN__DUPLICATE_METHOD_MATCH = YES;
				CODE_SIGN_IDENTITY = "-";
				COPY_PHASE_STRIP = NO;
				DEBUG_INFORMATION_FORMAT = dwarf;
				ENABLE_STRICT_OBJC_MSGSEND = YES;
				ENABLE_TESTABILITY = YES;
				GCC_C_LANGUAGE_STANDARD = gnu11;
				GCC_DYNAMIC_NO_PIC = NO;
				GCC_NO_COMMON_BLOCKS = YES;
				GCC_OPTIMIZATION_LEVEL = 0;
				GCC_PREPROCESSOR_DEFINITIONS = (
					"DEBUG=1",
					"$(inherited)",
				);
				GCC_WARN_64_TO_32_BIT_CONVERSION = YES;
				GCC_WARN_ABOUT_RETURN_TYPE = YES_ERROR;
				GCC_WARN_UNDECLARED_SELECTOR = YES;
				GCC_WARN_UNINITIALIZED_AUTOS = YES_AGGRESSIVE;
				GCC_WARN_UNUSED_FUNCTION = YES;
				GCC_WARN_UNUSED_VARIABLE = YES;
				MACOSX_DEPLOYMENT_TARGET = 10.12;
				MTL_ENABLE_DEBUG_INFO = YES;
				ONLY_ACTIVE_ARCH = YES;
				SDKROOT = macosx;
				SWIFT_ACTIVE_COMPILATION_CONDITIONS = DEBUG;
				SWIFT_OPTIMIZATION_LEVEL = "-Onone";
			};
			name = Debug;
		};
		4E2D76802307F3DE003466CD /* Release */ = {
			isa = XCBuildConfiguration;
			buildSettings = {
				ALWAYS_SEARCH_USER_PATHS = NO;
				CLANG_ANALYZER_NONNULL = YES;
				CLANG_ANALYZER_NUMBER_OBJECT_CONVERSION = YES_AGGRESSIVE;
				CLANG_CXX_LANGUAGE_STANDARD = "gnu++14";
				CLANG_CXX_LIBRARY = "libc++";
				CLANG_ENABLE_MODULES = YES;
				CLANG_ENABLE_OBJC_ARC = YES;
				CLANG_WARN_BLOCK_CAPTURE_AUTORELEASING = YES;
				CLANG_WARN_BOOL_CONVERSION = YES;
				CLANG_WARN_COMMA = YES;
				CLANG_WARN_CONSTANT_CONVERSION = YES;
				CLANG_WARN_DIRECT_OBJC_ISA_USAGE = YES_ERROR;
				CLANG_WARN_DOCUMENTATION_COMMENTS = YES;
				CLANG_WARN_EMPTY_BODY = YES;
				CLANG_WARN_ENUM_CONVERSION = YES;
				CLANG_WARN_INFINITE_RECURSION = YES;
				CLANG_WARN_INT_CONVERSION = YES;
				CLANG_WARN_NON_LITERAL_NULL_CONVERSION = YES;
				CLANG_WARN_OBJC_LITERAL_CONVERSION = YES;
				CLANG_WARN_OBJC_ROOT_CLASS = YES_ERROR;
				CLANG_WARN_RANGE_LOOP_ANALYSIS = YES;
				CLANG_WARN_STRICT_PROTOTYPES = YES;
				CLANG_WARN_SUSPICIOUS_MOVE = YES;
				CLANG_WARN_UNGUARDED_AVAILABILITY = YES_AGGRESSIVE;
				CLANG_WARN_UNREACHABLE_CODE = YES;
				CLANG_WARN__DUPLICATE_METHOD_MATCH = YES;
				CODE_SIGN_IDENTITY = "-";
				COPY_PHASE_STRIP = NO;
				DEBUG_INFORMATION_FORMAT = "dwarf-with-dsym";
				ENABLE_NS_ASSERTIONS = NO;
				ENABLE_STRICT_OBJC_MSGSEND = YES;
				GCC_C_LANGUAGE_STANDARD = gnu11;
				GCC_NO_COMMON_BLOCKS = YES;
				GCC_WARN_64_TO_32_BIT_CONVERSION = YES;
				GCC_WARN_ABOUT_RETURN_TYPE = YES_ERROR;
				GCC_WARN_UNDECLARED_SELECTOR = YES;
				GCC_WARN_UNINITIALIZED_AUTOS = YES_AGGRESSIVE;
				GCC_WARN_UNUSED_FUNCTION = YES;
				GCC_WARN_UNUSED_VARIABLE = YES;
				MACOSX_DEPLOYMENT_TARGET = 10.12;
				MTL_ENABLE_DEBUG_INFO = NO;
				SDKROOT = macosx;
				SWIFT_OPTIMIZATION_LEVEL = "-Owholemodule";
			};
			name = Release;
		};
		4E2D76822307F3DE003466CD /* Debug */ = {
			isa = XCBuildConfiguration;
			buildSettings = {
				CODE_SIGN_STYLE = Automatic;
				PRODUCT_NAME = "$(TARGET_NAME)";
				SWIFT_VERSION = 4.0;
			};
			name = Debug;
		};
		4E2D76832307F3DE003466CD /* Release */ = {
			isa = XCBuildConfiguration;
			buildSettings = {
				CODE_SIGN_STYLE = Automatic;
				PRODUCT_NAME = "$(TARGET_NAME)";
				SWIFT_VERSION = 4.0;
			};
			name = Release;
		};
/* End XCBuildConfiguration section */

/* Begin XCConfigurationList section */
		4E2D76752307F3DE003466CD /* Build configuration list for PBXProject "Simulator" */ = {
			isa = XCConfigurationList;
			buildConfigurations = (
				4E2D767F2307F3DE003466CD /* Debug */,
				4E2D76802307F3DE003466CD /* Release */,
			);
			defaultConfigurationIsVisible = 0;
			defaultConfigurationName = Release;
		};
		4E2D76812307F3DE003466CD /* Build configuration list for PBXNativeTarget "c74-sim" */ = {
			isa = XCConfigurationList;
			buildConfigurations = (
				4E2D76822307F3DE003466CD /* Debug */,
				4E2D76832307F3DE003466CD /* Release */,
			);
			defaultConfigurationIsVisible = 0;
			defaultConfigurationName = Release;
		};
/* End XCConfigurationList section */
	};
	rootObject = 4E2D76722307F3DE003466CD /* Project object */;
}
